
Microsoft Visual Studio Solution File, Format Version 12.00
# Visual Studio Version 16
VisualStudioVersion = 16.0.28803.156
MinimumVisualStudioVersion = 10.0.40219.1
Project("{FAE04EC0-301F-11D3-BF4B-00C04F79EFBC}") = "UI", "CharityManager.UI\UI.csproj", "{A62D20E7-3318-41D5-BA01-A7570CA84479}"
EndProject
Project("{FAE04EC0-301F-11D3-BF4B-00C04F79EFBC}") = "Service", "Service\Service.csproj", "{227B4424-CA62-4A20-9D43-B4877B44FFC7}"
EndProject
Project("{FAE04EC0-301F-11D3-BF4B-00C04F79EFBC}") = "DTO", "DTO\DTO.csproj", "{8D27DC67-805C-49C8-B8DB-70CC618FC47B}"
EndProject
Global
	GlobalSection(SolutionConfigurationPlatforms) = preSolution
		Debug|Any CPU = Debug|Any CPU
		Release|Any CPU = Release|Any CPU
	EndGlobalSection
	GlobalSection(ProjectConfigurationPlatforms) = postSolution
		{A62D20E7-3318-41D5-BA01-A7570CA84479}.Debug|Any CPU.ActiveCfg = Debug|Any CPU
		{A62D20E7-3318-41D5-BA01-A7570CA84479}.Debug|Any CPU.Build.0 = Debug|Any CPU
		{A62D20E7-3318-41D5-BA01-A7570CA84479}.Release|Any CPU.ActiveCfg = Release|Any CPU
		{A62D20E7-3318-41D5-BA01-A7570CA84479}.Release|Any CPU.Build.0 = Release|Any CPU
		{227B4424-CA62-4A20-9D43-B4877B44FFC7}.Debug|Any CPU.ActiveCfg = Debug|Any CPU
		{227B4424-CA62-4A20-9D43-B4877B44FFC7}.Debug|Any CPU.Build.0 = Debug|Any CPU
		{227B4424-CA62-4A20-9D43-B4877B44FFC7}.Release|Any CPU.ActiveCfg = Release|Any CPU
		{227B4424-CA62-4A20-9D43-B4877B44FFC7}.Release|Any CPU.Build.0 = Release|Any CPU
		{8D27DC67-805C-49C8-B8DB-70CC618FC47B}.Debug|Any CPU.ActiveCfg = Debug|Any CPU
		{8D27DC67-805C-49C8-B8DB-70CC618FC47B}.Debug|Any CPU.Build.0 = Debug|Any CPU
		{8D27DC67-805C-49C8-B8DB-70CC618FC47B}.Release|Any CPU.ActiveCfg = Release|Any CPU
		{8D27DC67-805C-49C8-B8DB-70CC618FC47B}.Release|Any CPU.Build.0 = Release|Any CPU
	EndGlobalSection
	GlobalSection(SolutionProperties) = preSolution
		HideSolutionNode = FALSE
	EndGlobalSection
	GlobalSection(ExtensibilityGlobals) = postSolution
		SolutionGuid = {99BF290B-2D96-44C6-B605-DE976F3CF2C0}
	EndGlobalSection
EndGlobal
